
Microsoft Visual Studio Solution File, Format Version 12.00
# Visual Studio Version 16
VisualStudioVersion = 16.0.30517.126
MinimumVisualStudioVersion = 10.0.40219.1
Project("{9A19103F-16F7-4668-BE54-9A1E7A4F7556}") = "JobTo", "JobTo\JobTo.csproj", "{6076EBB0-06CC-45A2-8D96-38F10BFA9921}"
EndProject
Project("{9A19103F-16F7-4668-BE54-9A1E7A4F7556}") = "DAL", "DAL\DAL.csproj", "{14681475-5B85-4F22-83D5-B140DF9C2A58}"
EndProject
Project("{FAE04EC0-301F-11D3-BF4B-00C04F79EFBC}") = "JobToApp.UWP", "JobToApp\JobToApp.UWP\JobToApp.UWP.csproj", "{1897C685-9DAA-4526-93CB-76AD6F055D38}"
EndProject
Project("{FAE04EC0-301F-11D3-BF4B-00C04F79EFBC}") = "JobToApp.Android", "JobToApp\JobToApp.Android\JobToApp.Android.csproj", "{9950129B-A0CC-45D9-B7F5-CBB8E3DD5A36}"
EndProject
Project("{FAE04EC0-301F-11D3-BF4B-00C04F79EFBC}") = "JobToApp.iOS", "JobToApp\JobToApp.iOS\JobToApp.iOS.csproj", "{F6C10CB4-C10A-45AC-8811-31E37B3B4903}"
EndProject
Project("{FAE04EC0-301F-11D3-BF4B-00C04F79EFBC}") = "JobToApp", "JobToApp\JobToApp\JobToApp.csproj", "{D717A05C-354C-408E-95D1-908C909A8164}"
EndProject
Global
	GlobalSection(SolutionConfigurationPlatforms) = preSolution
		Debug|Any CPU = Debug|Any CPU
		Debug|ARM = Debug|ARM
		Debug|iPhone = Debug|iPhone
		Debug|iPhoneSimulator = Debug|iPhoneSimulator
		Debug|x64 = Debug|x64
		Debug|x86 = Debug|x86
		Release|Any CPU = Release|Any CPU
		Release|ARM = Release|ARM
		Release|iPhone = Release|iPhone
		Release|iPhoneSimulator = Release|iPhoneSimulator
		Release|x64 = Release|x64
		Release|x86 = Release|x86
	EndGlobalSection
	GlobalSection(ProjectConfigurationPlatforms) = postSolution
		{6076EBB0-06CC-45A2-8D96-38F10BFA9921}.Debug|Any CPU.ActiveCfg = Debug|Any CPU
		{6076EBB0-06CC-45A2-8D96-38F10BFA9921}.Debug|Any CPU.Build.0 = Debug|Any CPU
		{6076EBB0-06CC-45A2-8D96-38F10BFA9921}.Debug|ARM.ActiveCfg = Debug|Any CPU
		{6076EBB0-06CC-45A2-8D96-38F10BFA9921}.Debug|ARM.Build.0 = Debug|Any CPU
		{6076EBB0-06CC-45A2-8D96-38F10BFA9921}.Debug|iPhone.ActiveCfg = Debug|Any CPU
		{6076EBB0-06CC-45A2-8D96-38F10BFA9921}.Debug|iPhone.Build.0 = Debug|Any CPU
		{6076EBB0-06CC-45A2-8D96-38F10BFA9921}.Debug|iPhoneSimulator.ActiveCfg = Debug|Any CPU
		{6076EBB0-06CC-45A2-8D96-38F10BFA9921}.Debug|iPhoneSimulator.Build.0 = Debug|Any CPU
		{6076EBB0-06CC-45A2-8D96-38F10BFA9921}.Debug|x64.ActiveCfg = Debug|Any CPU
		{6076EBB0-06CC-45A2-8D96-38F10BFA9921}.Debug|x64.Build.0 = Debug|Any CPU
		{6076EBB0-06CC-45A2-8D96-38F10BFA9921}.Debug|x86.ActiveCfg = Debug|Any CPU
		{6076EBB0-06CC-45A2-8D96-38F10BFA9921}.Debug|x86.Build.0 = Debug|Any CPU
		{6076EBB0-06CC-45A2-8D96-38F10BFA9921}.Release|Any CPU.ActiveCfg = Release|Any CPU
		{6076EBB0-06CC-45A2-8D96-38F10BFA9921}.Release|Any CPU.Build.0 = Release|Any CPU
		{6076EBB0-06CC-45A2-8D96-38F10BFA9921}.Release|ARM.ActiveCfg = Release|Any CPU
		{6076EBB0-06CC-45A2-8D96-38F10BFA9921}.Release|ARM.Build.0 = Release|Any CPU
		{6076EBB0-06CC-45A2-8D96-38F10BFA9921}.Release|iPhone.ActiveCfg = Release|Any CPU
		{6076EBB0-06CC-45A2-8D96-38F10BFA9921}.Release|iPhone.Build.0 = Release|Any CPU
		{6076EBB0-06CC-45A2-8D96-38F10BFA9921}.Release|iPhoneSimulator.ActiveCfg = Release|Any CPU
		{6076EBB0-06CC-45A2-8D96-38F10BFA9921}.Release|iPhoneSimulator.Build.0 = Release|Any CPU
		{6076EBB0-06CC-45A2-8D96-38F10BFA9921}.Release|x64.ActiveCfg = Release|Any CPU
		{6076EBB0-06CC-45A2-8D96-38F10BFA9921}.Release|x64.Build.0 = Release|Any CPU
		{6076EBB0-06CC-45A2-8D96-38F10BFA9921}.Release|x86.ActiveCfg = Release|Any CPU
		{6076EBB0-06CC-45A2-8D96-38F10BFA9921}.Release|x86.Build.0 = Release|Any CPU
		{14681475-5B85-4F22-83D5-B140DF9C2A58}.Debug|Any CPU.ActiveCfg = Debug|Any CPU
		{14681475-5B85-4F22-83D5-B140DF9C2A58}.Debug|Any CPU.Build.0 = Debug|Any CPU
		{14681475-5B85-4F22-83D5-B140DF9C2A58}.Debug|ARM.ActiveCfg = Debug|Any CPU
		{14681475-5B85-4F22-83D5-B140DF9C2A58}.Debug|ARM.Build.0 = Debug|Any CPU
		{14681475-5B85-4F22-83D5-B140DF9C2A58}.Debug|iPhone.ActiveCfg = Debug|Any CPU
		{14681475-5B85-4F22-83D5-B140DF9C2A58}.Debug|iPhone.Build.0 = Debug|Any CPU
		{14681475-5B85-4F22-83D5-B140DF9C2A58}.Debug|iPhoneSimulator.ActiveCfg = Debug|Any CPU
		{14681475-5B85-4F22-83D5-B140DF9C2A58}.Debug|iPhoneSimulator.Build.0 = Debug|Any CPU
		{14681475-5B85-4F22-83D5-B140DF9C2A58}.Debug|x64.ActiveCfg = Debug|Any CPU
		{14681475-5B85-4F22-83D5-B140DF9C2A58}.Debug|x64.Build.0 = Debug|Any CPU
		{14681475-5B85-4F22-83D5-B140DF9C2A58}.Debug|x86.ActiveCfg = Debug|Any CPU
		{14681475-5B85-4F22-83D5-B140DF9C2A58}.Debug|x86.Build.0 = Debug|Any CPU
		{14681475-5B85-4F22-83D5-B140DF9C2A58}.Release|Any CPU.ActiveCfg = Release|Any CPU
		{14681475-5B85-4F22-83D5-B140DF9C2A58}.Release|Any CPU.Build.0 = Release|Any CPU
		{14681475-5B85-4F22-83D5-B140DF9C2A58}.Release|ARM.ActiveCfg = Release|Any CPU
		{14681475-5B85-4F22-83D5-B140DF9C2A58}.Release|ARM.Build.0 = Release|Any CPU
		{14681475-5B85-4F22-83D5-B140DF9C2A58}.Release|iPhone.ActiveCfg = Release|Any CPU
		{14681475-5B85-4F22-83D5-B140DF9C2A58}.Release|iPhone.Build.0 = Release|Any CPU
		{14681475-5B85-4F22-83D5-B140DF9C2A58}.Release|iPhoneSimulator.ActiveCfg = Release|Any CPU
		{14681475-5B85-4F22-83D5-B140DF9C2A58}.Release|iPhoneSimulator.Build.0 = Release|Any CPU
		{14681475-5B85-4F22-83D5-B140DF9C2A58}.Release|x64.ActiveCfg = Release|Any CPU
		{14681475-5B85-4F22-83D5-B140DF9C2A58}.Release|x64.Build.0 = Release|Any CPU
		{14681475-5B85-4F22-83D5-B140DF9C2A58}.Release|x86.ActiveCfg = Release|Any CPU
		{14681475-5B85-4F22-83D5-B140DF9C2A58}.Release|x86.Build.0 = Release|Any CPU
		{1897C685-9DAA-4526-93CB-76AD6F055D38}.Debug|Any CPU.ActiveCfg = Debug|x86
		{1897C685-9DAA-4526-93CB-76AD6F055D38}.Debug|ARM.ActiveCfg = Debug|ARM
		{1897C685-9DAA-4526-93CB-76AD6F055D38}.Debug|ARM.Build.0 = Debug|ARM
		{1897C685-9DAA-4526-93CB-76AD6F055D38}.Debug|ARM.Deploy.0 = Debug|ARM
		{1897C685-9DAA-4526-93CB-76AD6F055D38}.Debug|iPhone.ActiveCfg = Debug|x86
		{1897C685-9DAA-4526-93CB-76AD6F055D38}.Debug|iPhoneSimulator.ActiveCfg = Debug|x86
		{1897C685-9DAA-4526-93CB-76AD6F055D38}.Debug|x64.ActiveCfg = Debug|x64
		{1897C685-9DAA-4526-93CB-76AD6F055D38}.Debug|x64.Build.0 = Debug|x64
		{1897C685-9DAA-4526-93CB-76AD6F055D38}.Debug|x64.Deploy.0 = Debug|x64
		{1897C685-9DAA-4526-93CB-76AD6F055D38}.Debug|x86.ActiveCfg = Debug|x86
		{1897C685-9DAA-4526-93CB-76AD6F055D38}.Debug|x86.Build.0 = Debug|x86
		{1897C685-9DAA-4526-93CB-76AD6F055D38}.Debug|x86.Deploy.0 = Debug|x86
		{1897C685-9DAA-4526-93CB-76AD6F055D38}.Release|Any CPU.ActiveCfg = Release|x86
		{1897C685-9DAA-4526-93CB-76AD6F055D38}.Release|ARM.ActiveCfg = Release|ARM
		{1897C685-9DAA-4526-93CB-76AD6F055D38}.Release|ARM.Build.0 = Release|ARM
		{1897C685-9DAA-4526-93CB-76AD6F055D38}.Release|ARM.Deploy.0 = Release|ARM
		{1897C685-9DAA-4526-93CB-76AD6F055D38}.Release|iPhone.ActiveCfg = Release|x86
		{1897C685-9DAA-4526-93CB-76AD6F055D38}.Release|iPhoneSimulator.ActiveCfg = Release|x86
		{1897C685-9DAA-4526-93CB-76AD6F055D38}.Release|x64.ActiveCfg = Release|x64
		{1897C685-9DAA-4526-93CB-76AD6F055D38}.Release|x64.Build.0 = Release|x64
		{1897C685-9DAA-4526-93CB-76AD6F055D38}.Release|x64.Deploy.0 = Release|x64
		{1897C685-9DAA-4526-93CB-76AD6F055D38}.Release|x86.ActiveCfg = Release|x86
		{1897C685-9DAA-4526-93CB-76AD6F055D38}.Release|x86.Build.0 = Release|x86
		{1897C685-9DAA-4526-93CB-76AD6F055D38}.Release|x86.Deploy.0 = Release|x86
		{9950129B-A0CC-45D9-B7F5-CBB8E3DD5A36}.Debug|Any CPU.ActiveCfg = Debug|Any CPU
		{9950129B-A0CC-45D9-B7F5-CBB8E3DD5A36}.Debug|Any CPU.Build.0 = Debug|Any CPU
		{9950129B-A0CC-45D9-B7F5-CBB8E3DD5A36}.Debug|Any CPU.Deploy.0 = Debug|Any CPU
		{9950129B-A0CC-45D9-B7F5-CBB8E3DD5A36}.Debug|ARM.ActiveCfg = Debug|Any CPU
		{9950129B-A0CC-45D9-B7F5-CBB8E3DD5A36}.Debug|ARM.Build.0 = Debug|Any CPU
		{9950129B-A0CC-45D9-B7F5-CBB8E3DD5A36}.Debug|ARM.Deploy.0 = Debug|Any CPU
		{9950129B-A0CC-45D9-B7F5-CBB8E3DD5A36}.Debug|iPhone.ActiveCfg = Debug|Any CPU
		{9950129B-A0CC-45D9-B7F5-CBB8E3DD5A36}.Debug|iPhone.Build.0 = Debug|Any CPU
		{9950129B-A0CC-45D9-B7F5-CBB8E3DD5A36}.Debug|iPhone.Deploy.0 = Debug|Any CPU
		{9950129B-A0CC-45D9-B7F5-CBB8E3DD5A36}.Debug|iPhoneSimulator.ActiveCfg = Debug|Any CPU
		{9950129B-A0CC-45D9-B7F5-CBB8E3DD5A36}.Debug|iPhoneSimulator.Build.0 = Debug|Any CPU
		{9950129B-A0CC-45D9-B7F5-CBB8E3DD5A36}.Debug|iPhoneSimulator.Deploy.0 = Debug|Any CPU
		{9950129B-A0CC-45D9-B7F5-CBB8E3DD5A36}.Debug|x64.ActiveCfg = Debug|Any CPU
		{9950129B-A0CC-45D9-B7F5-CBB8E3DD5A36}.Debug|x64.Build.0 = Debug|Any CPU
		{9950129B-A0CC-45D9-B7F5-CBB8E3DD5A36}.Debug|x64.Deploy.0 = Debug|Any CPU
		{9950129B-A0CC-45D9-B7F5-CBB8E3DD5A36}.Debug|x86.ActiveCfg = Debug|Any CPU
		{9950129B-A0CC-45D9-B7F5-CBB8E3DD5A36}.Debug|x86.Build.0 = Debug|Any CPU
		{9950129B-A0CC-45D9-B7F5-CBB8E3DD5A36}.Debug|x86.Deploy.0 = Debug|Any CPU
		{9950129B-A0CC-45D9-B7F5-CBB8E3DD5A36}.Release|Any CPU.ActiveCfg = Release|Any CPU
		{9950129B-A0CC-45D9-B7F5-CBB8E3DD5A36}.Release|Any CPU.Build.0 = Release|Any CPU
		{9950129B-A0CC-45D9-B7F5-CBB8E3DD5A36}.Release|Any CPU.Deploy.0 = Release|Any CPU
		{9950129B-A0CC-45D9-B7F5-CBB8E3DD5A36}.Release|ARM.ActiveCfg = Release|Any CPU
		{9950129B-A0CC-45D9-B7F5-CBB8E3DD5A36}.Release|ARM.Build.0 = Release|Any CPU
		{9950129B-A0CC-45D9-B7F5-CBB8E3DD5A36}.Release|ARM.Deploy.0 = Release|Any CPU
		{9950129B-A0CC-45D9-B7F5-CBB8E3DD5A36}.Release|iPhone.ActiveCfg = Release|Any CPU
		{9950129B-A0CC-45D9-B7F5-CBB8E3DD5A36}.Release|iPhone.Build.0 = Release|Any CPU
		{9950129B-A0CC-45D9-B7F5-CBB8E3DD5A36}.Release|iPhone.Deploy.0 = Release|Any CPU
		{9950129B-A0CC-45D9-B7F5-CBB8E3DD5A36}.Release|iPhoneSimulator.ActiveCfg = Release|Any CPU
		{9950129B-A0CC-45D9-B7F5-CBB8E3DD5A36}.Release|iPhoneSimulator.Build.0 = Release|Any CPU
		{9950129B-A0CC-45D9-B7F5-CBB8E3DD5A36}.Release|iPhoneSimulator.Deploy.0 = Release|Any CPU
		{9950129B-A0CC-45D9-B7F5-CBB8E3DD5A36}.Release|x64.ActiveCfg = Release|Any CPU
		{9950129B-A0CC-45D9-B7F5-CBB8E3DD5A36}.Release|x64.Build.0 = Release|Any CPU
		{9950129B-A0CC-45D9-B7F5-CBB8E3DD5A36}.Release|x64.Deploy.0 = Release|Any CPU
		{9950129B-A0CC-45D9-B7F5-CBB8E3DD5A36}.Release|x86.ActiveCfg = Release|Any CPU
		{9950129B-A0CC-45D9-B7F5-CBB8E3DD5A36}.Release|x86.Build.0 = Release|Any CPU
		{9950129B-A0CC-45D9-B7F5-CBB8E3DD5A36}.Release|x86.Deploy.0 = Release|Any CPU
		{F6C10CB4-C10A-45AC-8811-31E37B3B4903}.Debug|Any CPU.ActiveCfg = Debug|iPhoneSimulator
		{F6C10CB4-C10A-45AC-8811-31E37B3B4903}.Debug|ARM.ActiveCfg = Debug|iPhoneSimulator
		{F6C10CB4-C10A-45AC-8811-31E37B3B4903}.Debug|iPhone.ActiveCfg = Debug|iPhone
		{F6C10CB4-C10A-45AC-8811-31E37B3B4903}.Debug|iPhone.Build.0 = Debug|iPhone
		{F6C10CB4-C10A-45AC-8811-31E37B3B4903}.Debug|iPhoneSimulator.ActiveCfg = Debug|iPhoneSimulator
		{F6C10CB4-C10A-45AC-8811-31E37B3B4903}.Debug|iPhoneSimulator.Build.0 = Debug|iPhoneSimulator
		{F6C10CB4-C10A-45AC-8811-31E37B3B4903}.Debug|x64.ActiveCfg = Debug|iPhoneSimulator
		{F6C10CB4-C10A-45AC-8811-31E37B3B4903}.Debug|x86.ActiveCfg = Debug|iPhoneSimulator
		{F6C10CB4-C10A-45AC-8811-31E37B3B4903}.Release|Any CPU.ActiveCfg = Release|iPhoneSimulator
		{F6C10CB4-C10A-45AC-8811-31E37B3B4903}.Release|ARM.ActiveCfg = Release|iPhoneSimulator
		{F6C10CB4-C10A-45AC-8811-31E37B3B4903}.Release|iPhone.ActiveCfg = Release|iPhone
		{F6C10CB4-C10A-45AC-8811-31E37B3B4903}.Release|iPhone.Build.0 = Release|iPhone
		{F6C10CB4-C10A-45AC-8811-31E37B3B4903}.Release|iPhoneSimulator.ActiveCfg = Release|iPhoneSimulator
		{F6C10CB4-C10A-45AC-8811-31E37B3B4903}.Release|iPhoneSimulator.Build.0 = Release|iPhoneSimulator
		{F6C10CB4-C10A-45AC-8811-31E37B3B4903}.Release|x64.ActiveCfg = Release|iPhoneSimulator
		{F6C10CB4-C10A-45AC-8811-31E37B3B4903}.Release|x86.ActiveCfg = Release|iPhoneSimulator
		{D717A05C-354C-408E-95D1-908C909A8164}.Debug|Any CPU.ActiveCfg = Debug|Any CPU
		{D717A05C-354C-408E-95D1-908C909A8164}.Debug|Any CPU.Build.0 = Debug|Any CPU
		{D717A05C-354C-408E-95D1-908C909A8164}.Debug|ARM.ActiveCfg = Debug|Any CPU
		{D717A05C-354C-408E-95D1-908C909A8164}.Debug|ARM.Build.0 = Debug|Any CPU
		{D717A05C-354C-408E-95D1-908C909A8164}.Debug|iPhone.ActiveCfg = Debug|Any CPU
		{D717A05C-354C-408E-95D1-908C909A8164}.Debug|iPhone.Build.0 = Debug|Any CPU
		{D717A05C-354C-408E-95D1-908C909A8164}.Debug|iPhoneSimulator.ActiveCfg = Debug|Any CPU
		{D717A05C-354C-408E-95D1-908C909A8164}.Debug|iPhoneSimulator.Build.0 = Debug|Any CPU
		{D717A05C-354C-408E-95D1-908C909A8164}.Debug|x64.ActiveCfg = Debug|Any CPU
		{D717A05C-354C-408E-95D1-908C909A8164}.Debug|x64.Build.0 = Debug|Any CPU
		{D717A05C-354C-408E-95D1-908C909A8164}.Debug|x86.ActiveCfg = Debug|Any CPU
		{D717A05C-354C-408E-95D1-908C909A8164}.Debug|x86.Build.0 = Debug|Any CPU
		{D717A05C-354C-408E-95D1-908C909A8164}.Release|Any CPU.ActiveCfg = Release|Any CPU
		{D717A05C-354C-408E-95D1-908C909A8164}.Release|Any CPU.Build.0 = Release|Any CPU
		{D717A05C-354C-408E-95D1-908C909A8164}.Release|ARM.ActiveCfg = Release|Any CPU
		{D717A05C-354C-408E-95D1-908C909A8164}.Release|ARM.Build.0 = Release|Any CPU
		{D717A05C-354C-408E-95D1-908C909A8164}.Release|iPhone.ActiveCfg = Release|Any CPU
		{D717A05C-354C-408E-95D1-908C909A8164}.Release|iPhone.Build.0 = Release|Any CPU
		{D717A05C-354C-408E-95D1-908C909A8164}.Release|iPhoneSimulator.ActiveCfg = Release|Any CPU
		{D717A05C-354C-408E-95D1-908C909A8164}.Release|iPhoneSimulator.Build.0 = Release|Any CPU
		{D717A05C-354C-408E-95D1-908C909A8164}.Release|x64.ActiveCfg = Release|Any CPU
		{D717A05C-354C-408E-95D1-908C909A8164}.Release|x64.Build.0 = Release|Any CPU
		{D717A05C-354C-408E-95D1-908C909A8164}.Release|x86.ActiveCfg = Release|Any CPU
		{D717A05C-354C-408E-95D1-908C909A8164}.Release|x86.Build.0 = Release|Any CPU
	EndGlobalSection
	GlobalSection(SolutionProperties) = preSolution
		HideSolutionNode = FALSE
	EndGlobalSection
	GlobalSection(ExtensibilityGlobals) = postSolution
		SolutionGuid = {636E6600-9DBF-4BCF-A4B8-ECB1D0CEDEF6}
	EndGlobalSection
EndGlobal
